// !$*UTF8*$!
{
	archiveVersion = 1;
	classes = {
	};
	objectVersion = 46;
	objects = {

/* Begin PBXBuildFile section */
		FA7CCFA319EDAB61002B0775 /* main.m in Sources */ = {isa = PBXBuildFile; fileRef = FA7CCFA219EDAB61002B0775 /* main.m */; };
		FAC4BDA119EE519F00B56D14 /* NSObject+Cycles.m in Sources */ = {isa = PBXBuildFile; fileRef = FAC4BDA019EE519F00B56D14 /* NSObject+Cycles.m */; };
/* End PBXBuildFile section */

/* Begin PBXCopyFilesBuildPhase section */
		FA7CCF9D19EDAB61002B0775 /* CopyFiles */ = {
			isa = PBXCopyFilesBuildPhase;
			buildActionMask = 2147483647;
			dstPath = /usr/share/man/man1/;
			dstSubfolderSpec = 0;
			files = (
			);
			runOnlyForDeploymentPostprocessing = 1;
		};
/* End PBXCopyFilesBuildPhase section */

/* Begin PBXFileReference section */
		FA7CCF9F19EDAB61002B0775 /* Cycles */ = {isa = PBXFileReference; explicitFileType = "compiled.mach-o.executable"; includeInIndex = 0; path = Cycles; sourceTree = BUILT_PRODUCTS_DIR; };
		FA7CCFA219EDAB61002B0775 /* main.m */ = {isa = PBXFileReference; lastKnownFileType = sourcecode.c.objc; path = main.m; sourceTree = "<group>"; };
		FAC4BD9F19EE519F00B56D14 /* NSObject+Cycles.h */ = {isa = PBXFileReference; fileEncoding = 4; lastKnownFileType = sourcecode.c.h; path = "NSObject+Cycles.h"; sourceTree = "<group>"; };
		FAC4BDA019EE519F00B56D14 /* NSObject+Cycles.m */ = {isa = PBXFileReference; fileEncoding = 4; lastKnownFileType = sourcecode.c.objc; path = "NSObject+Cycles.m"; sourceTree = "<group>"; };
/* End PBXFileReference section */

/* Begin PBXFrameworksBuildPhase section */
		FA7CCF9C19EDAB61002B0775 /* Frameworks */ = {
			isa = PBXFrameworksBuildPhase;
			buildActionMask = 2147483647;
			files = (
			);
			runOnlyForDeploymentPostprocessing = 0;
		};
/* End PBXFrameworksBuildPhase section */

/* Begin PBXGroup section */
		FA7CCF9619EDAB61002B0775 = {
			isa = PBXGroup;
			children = (
				FA7CCFA119EDAB61002B0775 /* Cycles */,
				FA7CCFA019EDAB61002B0775 /* Products */,
			);
			sourceTree = "<group>";
		};
		FA7CCFA019EDAB61002B0775 /* Products */ = {
			isa = PBXGroup;
			children = (
				FA7CCF9F19EDAB61002B0775 /* Cycles */,
			);
			name = Products;
			sourceTree = "<group>";
		};
		FA7CCFA119EDAB61002B0775 /* Cycles */ = {
			isa = PBXGroup;
			children = (
				FA7CCFA219EDAB61002B0775 /* main.m */,
				FAC4BD9F19EE519F00B56D14 /* NSObject+Cycles.h */,
				FAC4BDA019EE519F00B56D14 /* NSObject+Cycles.m */,
			);
			path = Cycles;
			sourceTree = "<group>";
		};
/* End PBXGroup section */

/* Begin PBXNativeTarget section */
		FA7CCF9E19EDAB61002B0775 /* Cycles */ = {
			isa = PBXNativeTarget;
			buildConfigurationList = FA7CCFA619EDAB61002B0775 /* Build configuration list for PBXNativeTarget "Cycles" */;
			buildPhases = (
				FA7CCF9B19EDAB61002B0775 /* Sources */,
				FA7CCF9C19EDAB61002B0775 /* Frameworks */,
				FA7CCF9D19EDAB61002B0775 /* CopyFiles */,
			);
			buildRules = (
			);
			dependencies = (
			);
			name = Cycles;
			productName = Cycles;
			productReference = FA7CCF9F19EDAB61002B0775 /* Cycles */;
			productType = "com.apple.product-type.tool";
		};
/* End PBXNativeTarget section */

/* Begin PBXProject section */
		FA7CCF9719EDAB61002B0775 /* Project object */ = {
			isa = PBXProject;
			attributes = {
				LastUpgradeCheck = 0600;
				ORGANIZATIONNAME = ALC;
				TargetAttributes = {
					FA7CCF9E19EDAB61002B0775 = {
						CreatedOnToolsVersion = 6.0.1;
					};
				};
			};
			buildConfigurationList = FA7CCF9A19EDAB61002B0775 /* Build configuration list for PBXProject "Cycles" */;
			compatibilityVersion = "Xcode 3.2";
			developmentRegion = English;
			hasScannedForEncodings = 0;
			knownRegions = (
				en,
			);
			mainGroup = FA7CCF9619EDAB61002B0775;
			productRefGroup = FA7CCFA019EDAB61002B0775 /* Products */;
			projectDirPath = "";
			projectRoot = "";
			targets = (
				FA7CCF9E19EDAB61002B0775 /* Cycles */,
			);
		};
/* End PBXProject section */

/* Begin PBXSourcesBuildPhase section */
		FA7CCF9B19EDAB61002B0775 /* Sources */ = {
			isa = PBXSourcesBuildPhase;
			buildActionMask = 2147483647;
			files = (
				FAC4BDA119EE519F00B56D14 /* NSObject+Cycles.m in Sources */,
				FA7CCFA319EDAB61002B0775 /* main.m in Sources */,
			);
			runOnlyForDeploymentPostprocessing = 0;
		};
/* End PBXSourcesBuildPhase section */

/* Begin XCBuildConfiguration section */
		FA7CCFA419EDAB61002B0775 /* Debug */ = {
			isa = XCBuildConfiguration;
			buildSettings = {
				ALWAYS_SEARCH_USER_PATHS = NO;
				CLANG_CXX_LANGUAGE_STANDARD = "gnu++0x";
				CLANG_CXX_LIBRARY = "libc++";
				CLANG_ENABLE_MODULES = YES;
				CLANG_ENABLE_OBJC_ARC = YES;
				CLANG_WARN_BOOL_CONVERSION = YES;
				CLANG_WARN_CONSTANT_CONVERSION = YES;
				CLANG_WARN_DIRECT_OBJC_ISA_USAGE = YES_ERROR;
				CLANG_WARN_EMPTY_BODY = YES;
				CLANG_WARN_ENUM_CONVERSION = YES;
				CLANG_WARN_INT_CONVERSION = YES;
				CLANG_WARN_OBJC_ROOT_CLASS = YES_ERROR;
				CLANG_WARN_UNREACHABLE_CODE = YES;
				CLANG_WARN__DUPLICATE_METHOD_MATCH = YES;
				COPY_PHASE_STRIP = NO;
				ENABLE_STRICT_OBJC_MSGSEND = YES;
				GCC_C_LANGUAGE_STANDARD = gnu99;
				GCC_DYNAMIC_NO_PIC = NO;
				GCC_OPTIMIZATION_LEVEL = 0;
				GCC_PREPROCESSOR_DEFINITIONS = (
					"DEBUG=1",
					"$(inherited)",
				);
				GCC_SYMBOLS_PRIVATE_EXTERN = NO;
				GCC_WARN_64_TO_32_BIT_CONVERSION = YES;
				GCC_WARN_ABOUT_RETURN_TYPE = YES_ERROR;
				GCC_WARN_UNDECLARED_SELECTOR = YES;
				GCC_WARN_UNINITIALIZED_AUTOS = YES_AGGRESSIVE;
				GCC_WARN_UNUSED_FUNCTION = YES;
				GCC_WARN_UNUSED_VARIABLE = YES;
				MACOSX_DEPLOYMENT_TARGET = 10.9;
				MTL_ENABLE_DEBUG_INFO = YES;
				ONLY_ACTIVE_ARCH = YES;
				SDKROOT = macosx;
			};
			name = Debug;
		};
		FA7CCFA519EDAB61002B0775 /* Release */ = {
			isa = XCBuildConfiguration;
			buildSettings = {
				ALWAYS_SEARCH_USER_PATHS = NO;
				CLANG_CXX_LANGUAGE_STANDARD = "gnu++0x";
				CLANG_CXX_LIBRARY = "libc++";
				CLANG_ENABLE_MODULES = YES;
				CLANG_ENABLE_OBJC_ARC = YES;
				CLANG_WARN_BOOL_CONVERSION = YES;
				CLANG_WARN_CONSTANT_CONVERSION = YES;
				CLANG_WARN_DIRECT_OBJC_ISA_USAGE = YES_ERROR;
				CLANG_WARN_EMPTY_BODY = YES;
				CLANG_WARN_ENUM_CONVERSION = YES;
				CLANG_WARN_INT_CONVERSION = YES;
				CLANG_WARN_OBJC_ROOT_CLASS = YES_ERROR;
				CLANG_WARN_UNREACHABLE_CODE = YES;
				CLANG_WARN__DUPLICATE_METHOD_MATCH = YES;
				COPY_PHASE_STRIP = YES;
				DEBUG_INFORMATION_FORMAT = "dwarf-with-dsym";
				ENABLE_NS_ASSERTIONS = NO;
				ENABLE_STRICT_OBJC_MSGSEND = YES;
				GCC_C_LANGUAGE_STANDARD = gnu99;
				GCC_WARN_64_TO_32_BIT_CONVERSION = YES;
				GCC_WARN_ABOUT_RETURN_TYPE = YES_ERROR;
				GCC_WARN_UNDECLARED_SELECTOR = YES;
				GCC_WARN_UNINITIALIZED_AUTOS = YES_AGGRESSIVE;
				GCC_WARN_UNUSED_FUNCTION = YES;
				GCC_WARN_UNUSED_VARIABLE = YES;
				MACOSX_DEPLOYMENT_TARGET = 10.9;
				MTL_ENABLE_DEBUG_INFO = NO;
				SDKROOT = macosx;
			};
			name = Release;
		};
		FA7CCFA719EDAB61002B0775 /* Debug */ = {
			isa = XCBuildConfiguration;
			buildSettings = {
				PRODUCT_NAME = "$(TARGET_NAME)";
			};
			name = Debug;
		};
		FA7CCFA819EDAB61002B0775 /* Release */ = {
			isa = XCBuildConfiguration;
			buildSettings = {
				PRODUCT_NAME = "$(TARGET_NAME)";
			};
			name = Release;
		};
/* End XCBuildConfiguration section */

/* Begin XCConfigurationList section */
		FA7CCF9A19EDAB61002B0775 /* Build configuration list for PBXProject "Cycles" */ = {
			isa = XCConfigurationList;
			buildConfigurations = (
				FA7CCFA419EDAB61002B0775 /* Debug */,
				FA7CCFA519EDAB61002B0775 /* Release */,
			);
			defaultConfigurationIsVisible = 0;
			defaultConfigurationName = Release;
		};
		FA7CCFA619EDAB61002B0775 /* Build configuration list for PBXNativeTarget "Cycles" */ = {
			isa = XCConfigurationList;
			buildConfigurations = (
				FA7CCFA719EDAB61002B0775 /* Debug */,
				FA7CCFA819EDAB61002B0775 /* Release */,
			);
			defaultConfigurationIsVisible = 0;
			defaultConfigurationName = Release;
		};
/* End XCConfigurationList section */
	};
	rootObject = FA7CCF9719EDAB61002B0775 /* Project object */;
}
